// !$*UTF8*$!
{
	archiveVersion = 1;
	classes = {
	};
	objectVersion = 46;
	objects = {

/* Begin PBXBuildFile section */
		63D265F218A5124600F80B45 /* Foundation.framework in Frameworks */ = {isa = PBXBuildFile; fileRef = 63D265F118A5124600F80B45 /* Foundation.framework */; };
		63D265F418A5124600F80B45 /* CoreGraphics.framework in Frameworks */ = {isa = PBXBuildFile; fileRef = 63D265F318A5124600F80B45 /* CoreGraphics.framework */; };
		63D265F618A5124600F80B45 /* UIKit.framework in Frameworks */ = {isa = PBXBuildFile; fileRef = 63D265F518A5124600F80B45 /* UIKit.framework */; };
		63D265FC18A5124600F80B45 /* InfoPlist.strings in Resources */ = {isa = PBXBuildFile; fileRef = 63D265FA18A5124600F80B45 /* InfoPlist.strings */; };
		63D265FE18A5124600F80B45 /* main.m in Sources */ = {isa = PBXBuildFile; fileRef = 63D265FD18A5124600F80B45 /* main.m */; };
		63D2660218A5124600F80B45 /* AppDelegate.m in Sources */ = {isa = PBXBuildFile; fileRef = 63D2660118A5124600F80B45 /* AppDelegate.m */; };
		63D2660518A5124600F80B45 /* Main_iPhone.storyboard in Resources */ = {isa = PBXBuildFile; fileRef = 63D2660318A5124600F80B45 /* Main_iPhone.storyboard */; };
		63D2660818A5124600F80B45 /* Main_iPad.storyboard in Resources */ = {isa = PBXBuildFile; fileRef = 63D2660618A5124600F80B45 /* Main_iPad.storyboard */; };
		63D2660B18A5124600F80B45 /* ViewController.m in Sources */ = {isa = PBXBuildFile; fileRef = 63D2660A18A5124600F80B45 /* ViewController.m */; };
		63D2660D18A5124600F80B45 /* Images.xcassets in Resources */ = {isa = PBXBuildFile; fileRef = 63D2660C18A5124600F80B45 /* Images.xcassets */; };
		63D2661418A5124700F80B45 /* XCTest.framework in Frameworks */ = {isa = PBXBuildFile; fileRef = 63D2661318A5124700F80B45 /* XCTest.framework */; };
		63D2661518A5124700F80B45 /* Foundation.framework in Frameworks */ = {isa = PBXBuildFile; fileRef = 63D265F118A5124600F80B45 /* Foundation.framework */; };
		63D2661618A5124700F80B45 /* UIKit.framework in Frameworks */ = {isa = PBXBuildFile; fileRef = 63D265F518A5124600F80B45 /* UIKit.framework */; };
		63D2661E18A5124700F80B45 /* InfoPlist.strings in Resources */ = {isa = PBXBuildFile; fileRef = 63D2661C18A5124700F80B45 /* InfoPlist.strings */; };
		63D2662018A5124700F80B45 /* FitMusicTests.m in Sources */ = {isa = PBXBuildFile; fileRef = 63D2661F18A5124700F80B45 /* FitMusicTests.m */; };
/* End PBXBuildFile section */

/* Begin PBXContainerItemProxy section */
		63D2661718A5124700F80B45 /* PBXContainerItemProxy */ = {
			isa = PBXContainerItemProxy;
			containerPortal = 63D265E618A5124600F80B45 /* Project object */;
			proxyType = 1;
			remoteGlobalIDString = 63D265ED18A5124600F80B45;
			remoteInfo = FitMusic;
		};
/* End PBXContainerItemProxy section */

/* Begin PBXFileReference section */
		63D265EE18A5124600F80B45 /* FitMusic.app */ = {isa = PBXFileReference; explicitFileType = wrapper.application; includeInIndex = 0; path = FitMusic.app; sourceTree = BUILT_PRODUCTS_DIR; };
		63D265F118A5124600F80B45 /* Foundation.framework */ = {isa = PBXFileReference; lastKnownFileType = wrapper.framework; name = Foundation.framework; path = System/Library/Frameworks/Foundation.framework; sourceTree = SDKROOT; };
		63D265F318A5124600F80B45 /* CoreGraphics.framework */ = {isa = PBXFileReference; lastKnownFileType = wrapper.framework; name = CoreGraphics.framework; path = System/Library/Frameworks/CoreGraphics.framework; sourceTree = SDKROOT; };
		63D265F518A5124600F80B45 /* UIKit.framework */ = {isa = PBXFileReference; lastKnownFileType = wrapper.framework; name = UIKit.framework; path = System/Library/Frameworks/UIKit.framework; sourceTree = SDKROOT; };
		63D265F918A5124600F80B45 /* FitMusic-Info.plist */ = {isa = PBXFileReference; lastKnownFileType = text.plist.xml; path = "FitMusic-Info.plist"; sourceTree = "<group>"; };
		63D265FB18A5124600F80B45 /* en */ = {isa = PBXFileReference; lastKnownFileType = text.plist.strings; name = en; path = en.lproj/InfoPlist.strings; sourceTree = "<group>"; };
		63D265FD18A5124600F80B45 /* main.m */ = {isa = PBXFileReference; lastKnownFileType = sourcecode.c.objc; path = main.m; sourceTree = "<group>"; };
		63D265FF18A5124600F80B45 /* FitMusic-Prefix.pch */ = {isa = PBXFileReference; lastKnownFileType = sourcecode.c.h; path = "FitMusic-Prefix.pch"; sourceTree = "<group>"; };
		63D2660018A5124600F80B45 /* AppDelegate.h */ = {isa = PBXFileReference; lastKnownFileType = sourcecode.c.h; path = AppDelegate.h; sourceTree = "<group>"; };
		63D2660118A5124600F80B45 /* AppDelegate.m */ = {isa = PBXFileReference; lastKnownFileType = sourcecode.c.objc; path = AppDelegate.m; sourceTree = "<group>"; };
		63D2660418A5124600F80B45 /* Base */ = {isa = PBXFileReference; lastKnownFileType = file.storyboard; name = Base; path = Base.lproj/Main_iPhone.storyboard; sourceTree = "<group>"; };
		63D2660718A5124600F80B45 /* Base */ = {isa = PBXFileReference; lastKnownFileType = file.storyboard; name = Base; path = Base.lproj/Main_iPad.storyboard; sourceTree = "<group>"; };
		63D2660918A5124600F80B45 /* ViewController.h */ = {isa = PBXFileReference; lastKnownFileType = sourcecode.c.h; path = ViewController.h; sourceTree = "<group>"; };
		63D2660A18A5124600F80B45 /* ViewController.m */ = {isa = PBXFileReference; lastKnownFileType = sourcecode.c.objc; path = ViewController.m; sourceTree = "<group>"; };
		63D2660C18A5124600F80B45 /* Images.xcassets */ = {isa = PBXFileReference; lastKnownFileType = folder.assetcatalog; path = Images.xcassets; sourceTree = "<group>"; };
		63D2661218A5124700F80B45 /* FitMusicTests.xctest */ = {isa = PBXFileReference; explicitFileType = wrapper.cfbundle; includeInIndex = 0; path = FitMusicTests.xctest; sourceTree = BUILT_PRODUCTS_DIR; };
		63D2661318A5124700F80B45 /* XCTest.framework */ = {isa = PBXFileReference; lastKnownFileType = wrapper.framework; name = XCTest.framework; path = Library/Frameworks/XCTest.framework; sourceTree = DEVELOPER_DIR; };
		63D2661B18A5124700F80B45 /* FitMusicTests-Info.plist */ = {isa = PBXFileReference; lastKnownFileType = text.plist.xml; path = "FitMusicTests-Info.plist"; sourceTree = "<group>"; };
		63D2661D18A5124700F80B45 /* en */ = {isa = PBXFileReference; lastKnownFileType = text.plist.strings; name = en; path = en.lproj/InfoPlist.strings; sourceTree = "<group>"; };
		63D2661F18A5124700F80B45 /* FitMusicTests.m */ = {isa = PBXFileReference; lastKnownFileType = sourcecode.c.objc; path = FitMusicTests.m; sourceTree = "<group>"; };
/* End PBXFileReference section */

/* Begin PBXFrameworksBuildPhase section */
		63D265EB18A5124600F80B45 /* Frameworks */ = {
			isa = PBXFrameworksBuildPhase;
			buildActionMask = 2147483647;
			files = (
				63D265F418A5124600F80B45 /* CoreGraphics.framework in Frameworks */,
				63D265F618A5124600F80B45 /* UIKit.framework in Frameworks */,
				63D265F218A5124600F80B45 /* Foundation.framework in Frameworks */,
			);
			runOnlyForDeploymentPostprocessing = 0;
		};
		63D2660F18A5124700F80B45 /* Frameworks */ = {
			isa = PBXFrameworksBuildPhase;
			buildActionMask = 2147483647;
			files = (
				63D2661418A5124700F80B45 /* XCTest.framework in Frameworks */,
				63D2661618A5124700F80B45 /* UIKit.framework in Frameworks */,
				63D2661518A5124700F80B45 /* Foundation.framework in Frameworks */,
			);
			runOnlyForDeploymentPostprocessing = 0;
		};
/* End PBXFrameworksBuildPhase section */

/* Begin PBXGroup section */
		63D265E518A5124600F80B45 = {
			isa = PBXGroup;
			children = (
				63D265F718A5124600F80B45 /* FitMusic */,
				63D2661918A5124700F80B45 /* FitMusicTests */,
				63D265F018A5124600F80B45 /* Frameworks */,
				63D265EF18A5124600F80B45 /* Products */,
			);
			sourceTree = "<group>";
		};
		63D265EF18A5124600F80B45 /* Products */ = {
			isa = PBXGroup;
			children = (
				63D265EE18A5124600F80B45 /* FitMusic.app */,
				63D2661218A5124700F80B45 /* FitMusicTests.xctest */,
			);
			name = Products;
			sourceTree = "<group>";
		};
		63D265F018A5124600F80B45 /* Frameworks */ = {
			isa = PBXGroup;
			children = (
				63D265F118A5124600F80B45 /* Foundation.framework */,
				63D265F318A5124600F80B45 /* CoreGraphics.framework */,
				63D265F518A5124600F80B45 /* UIKit.framework */,
				63D2661318A5124700F80B45 /* XCTest.framework */,
			);
			name = Frameworks;
			sourceTree = "<group>";
		};
		63D265F718A5124600F80B45 /* FitMusic */ = {
			isa = PBXGroup;
			children = (
				63D2660018A5124600F80B45 /* AppDelegate.h */,
				63D2660118A5124600F80B45 /* AppDelegate.m */,
				63D2660318A5124600F80B45 /* Main_iPhone.storyboard */,
				63D2660618A5124600F80B45 /* Main_iPad.storyboard */,
				63D2660918A5124600F80B45 /* ViewController.h */,
				63D2660A18A5124600F80B45 /* ViewController.m */,
				63D2660C18A5124600F80B45 /* Images.xcassets */,
				63D265F818A5124600F80B45 /* Supporting Files */,
			);
			path = FitMusic;
			sourceTree = "<group>";
		};
		63D265F818A5124600F80B45 /* Supporting Files */ = {
			isa = PBXGroup;
			children = (
				63D265F918A5124600F80B45 /* FitMusic-Info.plist */,
				63D265FA18A5124600F80B45 /* InfoPlist.strings */,
				63D265FD18A5124600F80B45 /* main.m */,
				63D265FF18A5124600F80B45 /* FitMusic-Prefix.pch */,
			);
			name = "Supporting Files";
			sourceTree = "<group>";
		};
		63D2661918A5124700F80B45 /* FitMusicTests */ = {
			isa = PBXGroup;
			children = (
				63D2661F18A5124700F80B45 /* FitMusicTests.m */,
				63D2661A18A5124700F80B45 /* Supporting Files */,
			);
			path = FitMusicTests;
			sourceTree = "<group>";
		};
		63D2661A18A5124700F80B45 /* Supporting Files */ = {
			isa = PBXGroup;
			children = (
				63D2661B18A5124700F80B45 /* FitMusicTests-Info.plist */,
				63D2661C18A5124700F80B45 /* InfoPlist.strings */,
			);
			name = "Supporting Files";
			sourceTree = "<group>";
		};
/* End PBXGroup section */

/* Begin PBXNativeTarget section */
		63D265ED18A5124600F80B45 /* FitMusic */ = {
			isa = PBXNativeTarget;
			buildConfigurationList = 63D2662318A5124700F80B45 /* Build configuration list for PBXNativeTarget "FitMusic" */;
			buildPhases = (
				63D265EA18A5124600F80B45 /* Sources */,
				63D265EB18A5124600F80B45 /* Frameworks */,
				63D265EC18A5124600F80B45 /* Resources */,
			);
			buildRules = (
			);
			dependencies = (
			);
			name = FitMusic;
			productName = FitMusic;
			productReference = 63D265EE18A5124600F80B45 /* FitMusic.app */;
			productType = "com.apple.product-type.application";
		};
		63D2661118A5124700F80B45 /* FitMusicTests */ = {
			isa = PBXNativeTarget;
			buildConfigurationList = 63D2662618A5124700F80B45 /* Build configuration list for PBXNativeTarget "FitMusicTests" */;
			buildPhases = (
				63D2660E18A5124700F80B45 /* Sources */,
				63D2660F18A5124700F80B45 /* Frameworks */,
				63D2661018A5124700F80B45 /* Resources */,
			);
			buildRules = (
			);
			dependencies = (
				63D2661818A5124700F80B45 /* PBXTargetDependency */,
			);
			name = FitMusicTests;
			productName = FitMusicTests;
			productReference = 63D2661218A5124700F80B45 /* FitMusicTests.xctest */;
			productType = "com.apple.product-type.bundle.unit-test";
		};
/* End PBXNativeTarget section */

/* Begin PBXProject section */
		63D265E618A5124600F80B45 /* Project object */ = {
			isa = PBXProject;
			attributes = {
				LastUpgradeCheck = 0500;
				ORGANIZATIONNAME = Ydefeldt;
				TargetAttributes = {
					63D2661118A5124700F80B45 = {
						TestTargetID = 63D265ED18A5124600F80B45;
					};
				};
			};
			buildConfigurationList = 63D265E918A5124600F80B45 /* Build configuration list for PBXProject "FitMusic" */;
			compatibilityVersion = "Xcode 3.2";
			developmentRegion = English;
			hasScannedForEncodings = 0;
			knownRegions = (
				en,
				Base,
			);
			mainGroup = 63D265E518A5124600F80B45;
			productRefGroup = 63D265EF18A5124600F80B45 /* Products */;
			projectDirPath = "";
			projectRoot = "";
			targets = (
				63D265ED18A5124600F80B45 /* FitMusic */,
				63D2661118A5124700F80B45 /* FitMusicTests */,
			);
		};
/* End PBXProject section */

/* Begin PBXResourcesBuildPhase section */
		63D265EC18A5124600F80B45 /* Resources */ = {
			isa = PBXResourcesBuildPhase;
			buildActionMask = 2147483647;
			files = (
				63D2660818A5124600F80B45 /* Main_iPad.storyboard in Resources */,
				63D2660D18A5124600F80B45 /* Images.xcassets in Resources */,
				63D2660518A5124600F80B45 /* Main_iPhone.storyboard in Resources */,
				63D265FC18A5124600F80B45 /* InfoPlist.strings in Resources */,
			);
			runOnlyForDeploymentPostprocessing = 0;
		};
		63D2661018A5124700F80B45 /* Resources */ = {
			isa = PBXResourcesBuildPhase;
			buildActionMask = 2147483647;
			files = (
				63D2661E18A5124700F80B45 /* InfoPlist.strings in Resources */,
			);
			runOnlyForDeploymentPostprocessing = 0;
		};
/* End PBXResourcesBuildPhase section */

/* Begin PBXSourcesBuildPhase section */
		63D265EA18A5124600F80B45 /* Sources */ = {
			isa = PBXSourcesBuildPhase;
			buildActionMask = 2147483647;
			files = (
				63D2660B18A5124600F80B45 /* ViewController.m in Sources */,
				63D2660218A5124600F80B45 /* AppDelegate.m in Sources */,
				63D265FE18A5124600F80B45 /* main.m in Sources */,
			);
			runOnlyForDeploymentPostprocessing = 0;
		};
		63D2660E18A5124700F80B45 /* Sources */ = {
			isa = PBXSourcesBuildPhase;
			buildActionMask = 2147483647;
			files = (
				63D2662018A5124700F80B45 /* FitMusicTests.m in Sources */,
			);
			runOnlyForDeploymentPostprocessing = 0;
		};
/* End PBXSourcesBuildPhase section */

/* Begin PBXTargetDependency section */
		63D2661818A5124700F80B45 /* PBXTargetDependency */ = {
			isa = PBXTargetDependency;
			target = 63D265ED18A5124600F80B45 /* FitMusic */;
			targetProxy = 63D2661718A5124700F80B45 /* PBXContainerItemProxy */;
		};
/* End PBXTargetDependency section */

/* Begin PBXVariantGroup section */
		63D265FA18A5124600F80B45 /* InfoPlist.strings */ = {
			isa = PBXVariantGroup;
			children = (
				63D265FB18A5124600F80B45 /* en */,
			);
			name = InfoPlist.strings;
			sourceTree = "<group>";
		};
		63D2660318A5124600F80B45 /* Main_iPhone.storyboard */ = {
			isa = PBXVariantGroup;
			children = (
				63D2660418A5124600F80B45 /* Base */,
			);
			name = Main_iPhone.storyboard;
			sourceTree = "<group>";
		};
		63D2660618A5124600F80B45 /* Main_iPad.storyboard */ = {
			isa = PBXVariantGroup;
			children = (
				63D2660718A5124600F80B45 /* Base */,
			);
			name = Main_iPad.storyboard;
			sourceTree = "<group>";
		};
		63D2661C18A5124700F80B45 /* InfoPlist.strings */ = {
			isa = PBXVariantGroup;
			children = (
				63D2661D18A5124700F80B45 /* en */,
			);
			name = InfoPlist.strings;
			sourceTree = "<group>";
		};
/* End PBXVariantGroup section */

/* Begin XCBuildConfiguration section */
		63D2662118A5124700F80B45 /* Debug */ = {
			isa = XCBuildConfiguration;
			buildSettings = {
				ALWAYS_SEARCH_USER_PATHS = NO;
				ARCHS = "$(ARCHS_STANDARD_INCLUDING_64_BIT)";
				CLANG_CXX_LANGUAGE_STANDARD = "gnu++0x";
				CLANG_CXX_LIBRARY = "libc++";
				CLANG_ENABLE_MODULES = YES;
				CLANG_ENABLE_OBJC_ARC = YES;
				CLANG_WARN_BOOL_CONVERSION = YES;
				CLANG_WARN_CONSTANT_CONVERSION = YES;
				CLANG_WARN_DIRECT_OBJC_ISA_USAGE = YES_ERROR;
				CLANG_WARN_EMPTY_BODY = YES;
				CLANG_WARN_ENUM_CONVERSION = YES;
				CLANG_WARN_INT_CONVERSION = YES;
				CLANG_WARN_OBJC_ROOT_CLASS = YES_ERROR;
				CLANG_WARN__DUPLICATE_METHOD_MATCH = YES;
				"CODE_SIGN_IDENTITY[sdk=iphoneos*]" = "iPhone Developer";
				COPY_PHASE_STRIP = NO;
				GCC_C_LANGUAGE_STANDARD = gnu99;
				GCC_DYNAMIC_NO_PIC = NO;
				GCC_OPTIMIZATION_LEVEL = 0;
				GCC_PREPROCESSOR_DEFINITIONS = (
					"DEBUG=1",
					"$(inherited)",
				);
				GCC_SYMBOLS_PRIVATE_EXTERN = NO;
				GCC_WARN_64_TO_32_BIT_CONVERSION = YES;
				GCC_WARN_ABOUT_RETURN_TYPE = YES_ERROR;
				GCC_WARN_UNDECLARED_SELECTOR = YES;
				GCC_WARN_UNINITIALIZED_AUTOS = YES;
				GCC_WARN_UNUSED_FUNCTION = YES;
				GCC_WARN_UNUSED_VARIABLE = YES;
				IPHONEOS_DEPLOYMENT_TARGET = 7.0;
				ONLY_ACTIVE_ARCH = YES;
				SDKROOT = iphoneos;
				TARGETED_DEVICE_FAMILY = "1,2";
			};
			name = Debug;
		};
		63D2662218A5124700F80B45 /* Release */ = {
			isa = XCBuildConfiguration;
			buildSettings = {
				ALWAYS_SEARCH_USER_PATHS = NO;
				ARCHS = "$(ARCHS_STANDARD_INCLUDING_64_BIT)";
				CLANG_CXX_LANGUAGE_STANDARD = "gnu++0x";
				CLANG_CXX_LIBRARY = "libc++";
				CLANG_ENABLE_MODULES = YES;
				CLANG_ENABLE_OBJC_ARC = YES;
				CLANG_WARN_BOOL_CONVERSION = YES;
				CLANG_WARN_CONSTANT_CONVERSION = YES;
				CLANG_WARN_DIRECT_OBJC_ISA_USAGE = YES_ERROR;
				CLANG_WARN_EMPTY_BODY = YES;
				CLANG_WARN_ENUM_CONVERSION = YES;
				CLANG_WARN_INT_CONVERSION = YES;
				CLANG_WARN_OBJC_ROOT_CLASS = YES_ERROR;
				CLANG_WARN__DUPLICATE_METHOD_MATCH = YES;
				"CODE_SIGN_IDENTITY[sdk=iphoneos*]" = "iPhone Developer";
				COPY_PHASE_STRIP = YES;
				ENABLE_NS_ASSERTIONS = NO;
				GCC_C_LANGUAGE_STANDARD = gnu99;
				GCC_WARN_64_TO_32_BIT_CONVERSION = YES;
				GCC_WARN_ABOUT_RETURN_TYPE = YES_ERROR;
				GCC_WARN_UNDECLARED_SELECTOR = YES;
				GCC_WARN_UNINITIALIZED_AUTOS = YES;
				GCC_WARN_UNUSED_FUNCTION = YES;
				GCC_WARN_UNUSED_VARIABLE = YES;
				IPHONEOS_DEPLOYMENT_TARGET = 7.0;
				SDKROOT = iphoneos;
				TARGETED_DEVICE_FAMILY = "1,2";
				VALIDATE_PRODUCT = YES;
			};
			name = Release;
		};
		63D2662418A5124700F80B45 /* Debug */ = {
			isa = XCBuildConfiguration;
			buildSettings = {
				ASSETCATALOG_COMPILER_APPICON_NAME = AppIcon;
				ASSETCATALOG_COMPILER_LAUNCHIMAGE_NAME = LaunchImage;
				GCC_PRECOMPILE_PREFIX_HEADER = YES;
				GCC_PREFIX_HEADER = "FitMusic/FitMusic-Prefix.pch";
				INFOPLIST_FILE = "FitMusic/FitMusic-Info.plist";
				PRODUCT_NAME = "$(TARGET_NAME)";
				WRAPPER_EXTENSION = app;
			};
			name = Debug;
		};
		63D2662518A5124700F80B45 /* Release */ = {
			isa = XCBuildConfiguration;
			buildSettings = {
				ASSETCATALOG_COMPILER_APPICON_NAME = AppIcon;
				ASSETCATALOG_COMPILER_LAUNCHIMAGE_NAME = LaunchImage;
				GCC_PRECOMPILE_PREFIX_HEADER = YES;
				GCC_PREFIX_HEADER = "FitMusic/FitMusic-Prefix.pch";
				INFOPLIST_FILE = "FitMusic/FitMusic-Info.plist";
				PRODUCT_NAME = "$(TARGET_NAME)";
				WRAPPER_EXTENSION = app;
			};
			name = Release;
		};
		63D2662718A5124700F80B45 /* Debug */ = {
			isa = XCBuildConfiguration;
			buildSettings = {
				ARCHS = "$(ARCHS_STANDARD_INCLUDING_64_BIT)";
				BUNDLE_LOADER = "$(BUILT_PRODUCTS_DIR)/FitMusic.app/FitMusic";
				FRAMEWORK_SEARCH_PATHS = (
					"$(SDKROOT)/Developer/Library/Frameworks",
					"$(inherited)",
					"$(DEVELOPER_FRAMEWORKS_DIR)",
				);
				GCC_PRECOMPILE_PREFIX_HEADER = YES;
				GCC_PREFIX_HEADER = "FitMusic/FitMusic-Prefix.pch";
				GCC_PREPROCESSOR_DEFINITIONS = (
					"DEBUG=1",
					"$(inherited)",
				);
				INFOPLIST_FILE = "FitMusicTests/FitMusicTests-Info.plist";
				PRODUCT_NAME = "$(TARGET_NAME)";
				TEST_HOST = "$(BUNDLE_LOADER)";
				WRAPPER_EXTENSION = xctest;
			};
			name = Debug;
		};
		63D2662818A5124700F80B45 /* Release */ = {
			isa = XCBuildConfiguration;
			buildSettings = {
				ARCHS = "$(ARCHS_STANDARD_INCLUDING_64_BIT)";
				BUNDLE_LOADER = "$(BUILT_PRODUCTS_DIR)/FitMusic.app/FitMusic";
				FRAMEWORK_SEARCH_PATHS = (
					"$(SDKROOT)/Developer/Library/Frameworks",
					"$(inherited)",
					"$(DEVELOPER_FRAMEWORKS_DIR)",
				);
				GCC_PRECOMPILE_PREFIX_HEADER = YES;
				GCC_PREFIX_HEADER = "FitMusic/FitMusic-Prefix.pch";
				INFOPLIST_FILE = "FitMusicTests/FitMusicTests-Info.plist";
				PRODUCT_NAME = "$(TARGET_NAME)";
				TEST_HOST = "$(BUNDLE_LOADER)";
				WRAPPER_EXTENSION = xctest;
			};
			name = Release;
		};
/* End XCBuildConfiguration section */

/* Begin XCConfigurationList section */
		63D265E918A5124600F80B45 /* Build configuration list for PBXProject "FitMusic" */ = {
			isa = XCConfigurationList;
			buildConfigurations = (
				63D2662118A5124700F80B45 /* Debug */,
				63D2662218A5124700F80B45 /* Release */,
			);
			defaultConfigurationIsVisible = 0;
			defaultConfigurationName = Release;
		};
		63D2662318A5124700F80B45 /* Build configuration list for PBXNativeTarget "FitMusic" */ = {
			isa = XCConfigurationList;
			buildConfigurations = (
				63D2662418A5124700F80B45 /* Debug */,
				63D2662518A5124700F80B45 /* Release */,
			);
			defaultConfigurationIsVisible = 0;
		};
		63D2662618A5124700F80B45 /* Build configuration list for PBXNativeTarget "FitMusicTests" */ = {
			isa = XCConfigurationList;
			buildConfigurations = (
				63D2662718A5124700F80B45 /* Debug */,
				63D2662818A5124700F80B45 /* Release */,
			);
			defaultConfigurationIsVisible = 0;
		};
/* End XCConfigurationList section */
	};
	rootObject = 63D265E618A5124600F80B45 /* Project object */;
}
